# This file is automatically @generated by Cargo.
# It is not intended for manual editing.
version = 4

[[package]]
name = "embassy-futures"
version = "0.1.2"
source = "registry+https://github.com/rust-lang/crates.io-index"
checksum = "dc2d050bdc5c21e0862a89256ed8029ae6c290a93aecefc73084b3002cdebb01"

[[package]]
name = "embedded-storage"
version = "0.3.1"
source = "registry+https://github.com/rust-lang/crates.io-index"
checksum = "a21dea9854beb860f3062d10228ce9b976da520a73474aed3171ec276bc0c032"

[[package]]
name = "embedded-storage-async"
version = "0.4.1"
source = "registry+https://github.com/rust-lang/crates.io-index"
checksum = "1763775e2323b7d5f0aa6090657f5e21cfa02ede71f5dc40eead06d64dcd15cc"
dependencies = [
 "embedded-storage",
]

[[package]]
name = "sequential-storage"
version = "4.0.3"
source = "registry+https://github.com/rust-lang/crates.io-index"
checksum = "516ed74ad8268ec0d78c574af8fc7e09a9c3a0df63c7692c588a10d7097dea3b"
dependencies = [
 "embedded-storage-async",
]

[[package]]
name = "storegen"
version = "0.1.0"
dependencies = [
 "embassy-futures",
 "embedded-storage-async",
 "sequential-storage",
]
